
Microsoft Visual Studio Solution File, Format Version 12.00
# Visual Studio 15
VisualStudioVersion = 15.0.26124.0
MinimumVisualStudioVersion = 15.0.26124.0
Project("{2150E333-8FDC-42A3-9474-1A3956D46DE8}") = "src", "src", "{B0924559-F233-467F-A027-25BAE312ABFF}"
EndProject
Project("{FAE04EC0-301F-11D3-BF4B-00C04F79EFBC}") = "UnforgettableMemo.Shared", "src\UnforgettableMemo.Shared\UnforgettableMemo.Shared.csproj", "{762F5D48-46D7-4A0C-B7E8-BF5B6E11925A}"
EndProject
Project("{2150E333-8FDC-42A3-9474-1A3956D46DE8}") = "tests", "tests", "{995545C3-ED8F-4092-B88E-DA4E4966D007}"
EndProject
Project("{FAE04EC0-301F-11D3-BF4B-00C04F79EFBC}") = "UnforgettableMemo.Shared.Tests", "tests\UnforgettableMemo.Shared.Tests\UnforgettableMemo.Shared.Tests.csproj", "{59CF0516-C5D3-40C0-9B67-FB183AB88007}"
EndProject
Global
	GlobalSection(SolutionConfigurationPlatforms) = preSolution
		Debug|Any CPU = Debug|Any CPU
		Debug|x64 = Debug|x64
		Debug|x86 = Debug|x86
		Release|Any CPU = Release|Any CPU
		Release|x64 = Release|x64
		Release|x86 = Release|x86
	EndGlobalSection
	GlobalSection(SolutionProperties) = preSolution
		HideSolutionNode = FALSE
	EndGlobalSection
	GlobalSection(ProjectConfigurationPlatforms) = postSolution
		{762F5D48-46D7-4A0C-B7E8-BF5B6E11925A}.Debug|Any CPU.ActiveCfg = Debug|Any CPU
		{762F5D48-46D7-4A0C-B7E8-BF5B6E11925A}.Debug|Any CPU.Build.0 = Debug|Any CPU
		{762F5D48-46D7-4A0C-B7E8-BF5B6E11925A}.Debug|x64.ActiveCfg = Debug|Any CPU
		{762F5D48-46D7-4A0C-B7E8-BF5B6E11925A}.Debug|x64.Build.0 = Debug|Any CPU
		{762F5D48-46D7-4A0C-B7E8-BF5B6E11925A}.Debug|x86.ActiveCfg = Debug|Any CPU
		{762F5D48-46D7-4A0C-B7E8-BF5B6E11925A}.Debug|x86.Build.0 = Debug|Any CPU
		{762F5D48-46D7-4A0C-B7E8-BF5B6E11925A}.Release|Any CPU.ActiveCfg = Release|Any CPU
		{762F5D48-46D7-4A0C-B7E8-BF5B6E11925A}.Release|Any CPU.Build.0 = Release|Any CPU
		{762F5D48-46D7-4A0C-B7E8-BF5B6E11925A}.Release|x64.ActiveCfg = Release|Any CPU
		{762F5D48-46D7-4A0C-B7E8-BF5B6E11925A}.Release|x64.Build.0 = Release|Any CPU
		{762F5D48-46D7-4A0C-B7E8-BF5B6E11925A}.Release|x86.ActiveCfg = Release|Any CPU
		{762F5D48-46D7-4A0C-B7E8-BF5B6E11925A}.Release|x86.Build.0 = Release|Any CPU
		{59CF0516-C5D3-40C0-9B67-FB183AB88007}.Debug|Any CPU.ActiveCfg = Debug|Any CPU
		{59CF0516-C5D3-40C0-9B67-FB183AB88007}.Debug|Any CPU.Build.0 = Debug|Any CPU
		{59CF0516-C5D3-40C0-9B67-FB183AB88007}.Debug|x64.ActiveCfg = Debug|Any CPU
		{59CF0516-C5D3-40C0-9B67-FB183AB88007}.Debug|x64.Build.0 = Debug|Any CPU
		{59CF0516-C5D3-40C0-9B67-FB183AB88007}.Debug|x86.ActiveCfg = Debug|Any CPU
		{59CF0516-C5D3-40C0-9B67-FB183AB88007}.Debug|x86.Build.0 = Debug|Any CPU
		{59CF0516-C5D3-40C0-9B67-FB183AB88007}.Release|Any CPU.ActiveCfg = Release|Any CPU
		{59CF0516-C5D3-40C0-9B67-FB183AB88007}.Release|Any CPU.Build.0 = Release|Any CPU
		{59CF0516-C5D3-40C0-9B67-FB183AB88007}.Release|x64.ActiveCfg = Release|Any CPU
		{59CF0516-C5D3-40C0-9B67-FB183AB88007}.Release|x64.Build.0 = Release|Any CPU
		{59CF0516-C5D3-40C0-9B67-FB183AB88007}.Release|x86.ActiveCfg = Release|Any CPU
		{59CF0516-C5D3-40C0-9B67-FB183AB88007}.Release|x86.Build.0 = Release|Any CPU
	EndGlobalSection
	GlobalSection(NestedProjects) = preSolution
		{762F5D48-46D7-4A0C-B7E8-BF5B6E11925A} = {B0924559-F233-467F-A027-25BAE312ABFF}
		{59CF0516-C5D3-40C0-9B67-FB183AB88007} = {995545C3-ED8F-4092-B88E-DA4E4966D007}
	EndGlobalSection
EndGlobal
